// !$*UTF8*$!
{
	archiveVersion = 1;
	classes = {
	};
	objectVersion = 56;
	objects = {

/* Begin PBXBuildFile section */
		770F747C2B225A2B005D2585 /* e-Ukraine-Bold.otf in Resources */ = {isa = PBXBuildFile; fileRef = 770F74772B2257CD005D2585 /* e-Ukraine-Bold.otf */; };
		770F747D2B225A66005D2585 /* e-Ukraine-Light.otf in Resources */ = {isa = PBXBuildFile; fileRef = 770F74792B2257CD005D2585 /* e-Ukraine-Light.otf */; };
		770F747E2B225A68005D2585 /* e-Ukraine-Medium.otf in Resources */ = {isa = PBXBuildFile; fileRef = 770F74782B2257CD005D2585 /* e-Ukraine-Medium.otf */; };
		770F747F2B225A6B005D2585 /* e-Ukraine-Regular.otf in Resources */ = {isa = PBXBuildFile; fileRef = 770F747A2B2257CD005D2585 /* e-Ukraine-Regular.otf */; };
		770F74802B225A6E005D2585 /* e-Ukraine-Thin.otf in Resources */ = {isa = PBXBuildFile; fileRef = 770F74762B2257CD005D2585 /* e-Ukraine-Thin.otf */; };
		770F74812B225A70005D2585 /* e-Ukraine-UltraLight.otf in Resources */ = {isa = PBXBuildFile; fileRef = 770F747B2B2257CD005D2585 /* e-Ukraine-UltraLight.otf */; };
		77252E7D2B166F0300093B30 /* UILabel + Extensions.swift in Sources */ = {isa = PBXBuildFile; fileRef = 77252E7C2B166F0300093B30 /* UILabel + Extensions.swift */; };
		77252E7F2B177F7800093B30 /* DetailViewController.swift in Sources */ = {isa = PBXBuildFile; fileRef = 77252E7E2B177F7800093B30 /* DetailViewController.swift */; };
		77252E832B17801B00093B30 /* DetailViewModel.swift in Sources */ = {isa = PBXBuildFile; fileRef = 77252E822B17801B00093B30 /* DetailViewModel.swift */; };
		77252E852B1786B700093B30 /* DateFormatter + Extensions.swift in Sources */ = {isa = PBXBuildFile; fileRef = 77252E842B1786B700093B30 /* DateFormatter + Extensions.swift */; };
		7770509F2B150D61003C0429 /* MainViewController + TableView.swift in Sources */ = {isa = PBXBuildFile; fileRef = 7770509E2B150D61003C0429 /* MainViewController + TableView.swift */; };
		777050A12B150F23003C0429 /* MainViewModel.swift in Sources */ = {isa = PBXBuildFile; fileRef = 777050A02B150F23003C0429 /* MainViewModel.swift */; };
		777050A42B15124C003C0429 /* EndPoint.swift in Sources */ = {isa = PBXBuildFile; fileRef = 777050A32B15124C003C0429 /* EndPoint.swift */; };
		777050A62B1518F5003C0429 /* Posts.swift in Sources */ = {isa = PBXBuildFile; fileRef = 777050A52B1518F5003C0429 /* Posts.swift */; };
		777050A92B151AEC003C0429 /* URLSession + Extensions.swift in Sources */ = {isa = PBXBuildFile; fileRef = 777050A82B151AEC003C0429 /* URLSession + Extensions.swift */; };
		777050AB2B151BE7003C0429 /* NetworkError.swift in Sources */ = {isa = PBXBuildFile; fileRef = 777050AA2B151BE7003C0429 /* NetworkError.swift */; };
		777050AD2B151C1B003C0429 /* NetworkRequest.swift in Sources */ = {isa = PBXBuildFile; fileRef = 777050AC2B151C1B003C0429 /* NetworkRequest.swift */; };
		777050AF2B151D5A003C0429 /* NetworkDataFetch.swift in Sources */ = {isa = PBXBuildFile; fileRef = 777050AE2B151D5A003C0429 /* NetworkDataFetch.swift */; };
		777050B22B15222F003C0429 /* Observable.swift in Sources */ = {isa = PBXBuildFile; fileRef = 777050B12B15222F003C0429 /* Observable.swift */; };
		777050B42B153281003C0429 /* MainCell.swift in Sources */ = {isa = PBXBuildFile; fileRef = 777050B32B153281003C0429 /* MainCell.swift */; };
		777050B62B153700003C0429 /* MainCellViewModel.swift in Sources */ = {isa = PBXBuildFile; fileRef = 777050B52B153700003C0429 /* MainCellViewModel.swift */; };
		777050B82B153E75003C0429 /* RelativeTimeFormatter + Extension.swift in Sources */ = {isa = PBXBuildFile; fileRef = 777050B72B153E75003C0429 /* RelativeTimeFormatter + Extension.swift */; };
		777050BA2B153EB9003C0429 /* Date + Extensions.swift in Sources */ = {isa = PBXBuildFile; fileRef = 777050B92B153EB9003C0429 /* Date + Extensions.swift */; };
		777050BC2B154428003C0429 /* SortOrder.swift in Sources */ = {isa = PBXBuildFile; fileRef = 777050BB2B154428003C0429 /* SortOrder.swift */; };
		77F5B1DE2B0BAC1C00B394E8 /* AppDelegate.swift in Sources */ = {isa = PBXBuildFile; fileRef = 77F5B1DD2B0BAC1C00B394E8 /* AppDelegate.swift */; };
		77F5B1E02B0BAC1C00B394E8 /* SceneDelegate.swift in Sources */ = {isa = PBXBuildFile; fileRef = 77F5B1DF2B0BAC1C00B394E8 /* SceneDelegate.swift */; };
		77F5B1E22B0BAC1C00B394E8 /* MainViewController.swift in Sources */ = {isa = PBXBuildFile; fileRef = 77F5B1E12B0BAC1C00B394E8 /* MainViewController.swift */; };
		77F5B1E72B0BAC1E00B394E8 /* Assets.xcassets in Resources */ = {isa = PBXBuildFile; fileRef = 77F5B1E62B0BAC1E00B394E8 /* Assets.xcassets */; };
		77F5B1EA2B0BAC1E00B394E8 /* LaunchScreen.storyboard in Resources */ = {isa = PBXBuildFile; fileRef = 77F5B1E82B0BAC1E00B394E8 /* LaunchScreen.storyboard */; };
/* End PBXBuildFile section */

/* Begin PBXFileReference section */
		770F74762B2257CD005D2585 /* e-Ukraine-Thin.otf */ = {isa = PBXFileReference; lastKnownFileType = file; path = "e-Ukraine-Thin.otf"; sourceTree = "<group>"; };
		770F74772B2257CD005D2585 /* e-Ukraine-Bold.otf */ = {isa = PBXFileReference; lastKnownFileType = file; path = "e-Ukraine-Bold.otf"; sourceTree = "<group>"; };
		770F74782B2257CD005D2585 /* e-Ukraine-Medium.otf */ = {isa = PBXFileReference; lastKnownFileType = file; path = "e-Ukraine-Medium.otf"; sourceTree = "<group>"; };
		770F74792B2257CD005D2585 /* e-Ukraine-Light.otf */ = {isa = PBXFileReference; lastKnownFileType = file; path = "e-Ukraine-Light.otf"; sourceTree = "<group>"; };
		770F747A2B2257CD005D2585 /* e-Ukraine-Regular.otf */ = {isa = PBXFileReference; lastKnownFileType = file; path = "e-Ukraine-Regular.otf"; sourceTree = "<group>"; };
		770F747B2B2257CD005D2585 /* e-Ukraine-UltraLight.otf */ = {isa = PBXFileReference; lastKnownFileType = file; path = "e-Ukraine-UltraLight.otf"; sourceTree = "<group>"; };
		77252E7C2B166F0300093B30 /* UILabel + Extensions.swift */ = {isa = PBXFileReference; lastKnownFileType = sourcecode.swift; path = "UILabel + Extensions.swift"; sourceTree = "<group>"; };
		77252E7E2B177F7800093B30 /* DetailViewController.swift */ = {isa = PBXFileReference; lastKnownFileType = sourcecode.swift; path = DetailViewController.swift; sourceTree = "<group>"; };
		77252E822B17801B00093B30 /* DetailViewModel.swift */ = {isa = PBXFileReference; lastKnownFileType = sourcecode.swift; path = DetailViewModel.swift; sourceTree = "<group>"; };
		77252E842B1786B700093B30 /* DateFormatter + Extensions.swift */ = {isa = PBXFileReference; lastKnownFileType = sourcecode.swift; path = "DateFormatter + Extensions.swift"; sourceTree = "<group>"; };
		7770509E2B150D61003C0429 /* MainViewController + TableView.swift */ = {isa = PBXFileReference; lastKnownFileType = sourcecode.swift; path = "MainViewController + TableView.swift"; sourceTree = "<group>"; };
		777050A02B150F23003C0429 /* MainViewModel.swift */ = {isa = PBXFileReference; lastKnownFileType = sourcecode.swift; path = MainViewModel.swift; sourceTree = "<group>"; };
		777050A32B15124C003C0429 /* EndPoint.swift */ = {isa = PBXFileReference; lastKnownFileType = sourcecode.swift; path = EndPoint.swift; sourceTree = "<group>"; };
		777050A52B1518F5003C0429 /* Posts.swift */ = {isa = PBXFileReference; lastKnownFileType = sourcecode.swift; path = Posts.swift; sourceTree = "<group>"; };
		777050A82B151AEC003C0429 /* URLSession + Extensions.swift */ = {isa = PBXFileReference; lastKnownFileType = sourcecode.swift; path = "URLSession + Extensions.swift"; sourceTree = "<group>"; };
		777050AA2B151BE7003C0429 /* NetworkError.swift */ = {isa = PBXFileReference; lastKnownFileType = sourcecode.swift; path = NetworkError.swift; sourceTree = "<group>"; };
		777050AC2B151C1B003C0429 /* NetworkRequest.swift */ = {isa = PBXFileReference; lastKnownFileType = sourcecode.swift; path = NetworkRequest.swift; sourceTree = "<group>"; };
		777050AE2B151D5A003C0429 /* NetworkDataFetch.swift */ = {isa = PBXFileReference; lastKnownFileType = sourcecode.swift; path = NetworkDataFetch.swift; sourceTree = "<group>"; };
		777050B12B15222F003C0429 /* Observable.swift */ = {isa = PBXFileReference; lastKnownFileType = sourcecode.swift; path = Observable.swift; sourceTree = "<group>"; };
		777050B32B153281003C0429 /* MainCell.swift */ = {isa = PBXFileReference; lastKnownFileType = sourcecode.swift; path = MainCell.swift; sourceTree = "<group>"; };
		777050B52B153700003C0429 /* MainCellViewModel.swift */ = {isa = PBXFileReference; lastKnownFileType = sourcecode.swift; path = MainCellViewModel.swift; sourceTree = "<group>"; };
		777050B72B153E75003C0429 /* RelativeTimeFormatter + Extension.swift */ = {isa = PBXFileReference; lastKnownFileType = sourcecode.swift; path = "RelativeTimeFormatter + Extension.swift"; sourceTree = "<group>"; };
		777050B92B153EB9003C0429 /* Date + Extensions.swift */ = {isa = PBXFileReference; lastKnownFileType = sourcecode.swift; path = "Date + Extensions.swift"; sourceTree = "<group>"; };
		777050BB2B154428003C0429 /* SortOrder.swift */ = {isa = PBXFileReference; lastKnownFileType = sourcecode.swift; path = SortOrder.swift; sourceTree = "<group>"; };
		77F5B1DA2B0BAC1C00B394E8 /* NatifePosts.app */ = {isa = PBXFileReference; explicitFileType = wrapper.application; includeInIndex = 0; path = NatifePosts.app; sourceTree = BUILT_PRODUCTS_DIR; };
		77F5B1DD2B0BAC1C00B394E8 /* AppDelegate.swift */ = {isa = PBXFileReference; lastKnownFileType = sourcecode.swift; path = AppDelegate.swift; sourceTree = "<group>"; };
		77F5B1DF2B0BAC1C00B394E8 /* SceneDelegate.swift */ = {isa = PBXFileReference; lastKnownFileType = sourcecode.swift; path = SceneDelegate.swift; sourceTree = "<group>"; };
		77F5B1E12B0BAC1C00B394E8 /* MainViewController.swift */ = {isa = PBXFileReference; lastKnownFileType = sourcecode.swift; path = MainViewController.swift; sourceTree = "<group>"; };
		77F5B1E62B0BAC1E00B394E8 /* Assets.xcassets */ = {isa = PBXFileReference; lastKnownFileType = folder.assetcatalog; path = Assets.xcassets; sourceTree = "<group>"; };
		77F5B1E92B0BAC1E00B394E8 /* Base */ = {isa = PBXFileReference; lastKnownFileType = file.storyboard; name = Base; path = Base.lproj/LaunchScreen.storyboard; sourceTree = "<group>"; };
		77F5B1EB2B0BAC1E00B394E8 /* Info.plist */ = {isa = PBXFileReference; lastKnownFileType = text.plist.xml; path = Info.plist; sourceTree = "<group>"; };
/* End PBXFileReference section */

/* Begin PBXFrameworksBuildPhase section */
		77F5B1D72B0BAC1C00B394E8 /* Frameworks */ = {
			isa = PBXFrameworksBuildPhase;
			buildActionMask = 2147483647;
			files = (
			);
			runOnlyForDeploymentPostprocessing = 0;
		};
/* End PBXFrameworksBuildPhase section */

/* Begin PBXGroup section */
		770F74752B2257C2005D2585 /* Fonts */ = {
			isa = PBXGroup;
			children = (
				770F74772B2257CD005D2585 /* e-Ukraine-Bold.otf */,
				770F74792B2257CD005D2585 /* e-Ukraine-Light.otf */,
				770F74782B2257CD005D2585 /* e-Ukraine-Medium.otf */,
				770F747A2B2257CD005D2585 /* e-Ukraine-Regular.otf */,
				770F74762B2257CD005D2585 /* e-Ukraine-Thin.otf */,
				770F747B2B2257CD005D2585 /* e-Ukraine-UltraLight.otf */,
			);
			path = Fonts;
			sourceTree = "<group>";
		};
		777050A22B151238003C0429 /* Network */ = {
			isa = PBXGroup;
			children = (
				777050A32B15124C003C0429 /* EndPoint.swift */,
				777050AA2B151BE7003C0429 /* NetworkError.swift */,
				777050AC2B151C1B003C0429 /* NetworkRequest.swift */,
				777050AE2B151D5A003C0429 /* NetworkDataFetch.swift */,
			);
			path = Network;
			sourceTree = "<group>";
		};
		777050A72B151AD8003C0429 /* Extensions */ = {
			isa = PBXGroup;
			children = (
				777050A82B151AEC003C0429 /* URLSession + Extensions.swift */,
				777050B72B153E75003C0429 /* RelativeTimeFormatter + Extension.swift */,
				777050B92B153EB9003C0429 /* Date + Extensions.swift */,
				77252E7C2B166F0300093B30 /* UILabel + Extensions.swift */,
				77252E842B1786B700093B30 /* DateFormatter + Extensions.swift */,
			);
			path = Extensions;
			sourceTree = "<group>";
		};
		777050B02B152221003C0429 /* Helpers */ = {
			isa = PBXGroup;
			children = (
				777050B12B15222F003C0429 /* Observable.swift */,
			);
			path = Helpers;
			sourceTree = "<group>";
		};
		77F5B1D12B0BAC1C00B394E8 = {
			isa = PBXGroup;
			children = (
				77F5B1DC2B0BAC1C00B394E8 /* NatifePosts */,
				77F5B1DB2B0BAC1C00B394E8 /* Products */,
			);
			sourceTree = "<group>";
		};
		77F5B1DB2B0BAC1C00B394E8 /* Products */ = {
			isa = PBXGroup;
			children = (
				77F5B1DA2B0BAC1C00B394E8 /* NatifePosts.app */,
			);
			name = Products;
			sourceTree = "<group>";
		};
		77F5B1DC2B0BAC1C00B394E8 /* NatifePosts */ = {
			isa = PBXGroup;
			children = (
				77F5B1FD2B0FFE6C00B394E8 /* Application */,
				77F5B2012B0FFF0600B394E8 /* Model */,
				77F5B2002B0FFEF800B394E8 /* View */,
				77F5B1FF2B0FFEE800B394E8 /* ViewModel */,
				777050A22B151238003C0429 /* Network */,
				777050A72B151AD8003C0429 /* Extensions */,
				777050B02B152221003C0429 /* Helpers */,
				77F5B1FE2B0FFEA900B394E8 /* Supporting Files */,
			);
			path = NatifePosts;
			sourceTree = "<group>";
		};
		77F5B1FD2B0FFE6C00B394E8 /* Application */ = {
			isa = PBXGroup;
			children = (
				77F5B1DD2B0BAC1C00B394E8 /* AppDelegate.swift */,
				77F5B1DF2B0BAC1C00B394E8 /* SceneDelegate.swift */,
			);
			path = Application;
			sourceTree = "<group>";
		};
		77F5B1FE2B0FFEA900B394E8 /* Supporting Files */ = {
			isa = PBXGroup;
			children = (
				770F74752B2257C2005D2585 /* Fonts */,
				77F5B1E62B0BAC1E00B394E8 /* Assets.xcassets */,
				77F5B1E82B0BAC1E00B394E8 /* LaunchScreen.storyboard */,
				77F5B1EB2B0BAC1E00B394E8 /* Info.plist */,
			);
			path = "Supporting Files";
			sourceTree = "<group>";
		};
		77F5B1FF2B0FFEE800B394E8 /* ViewModel */ = {
			isa = PBXGroup;
			children = (
				777050A02B150F23003C0429 /* MainViewModel.swift */,
				777050B52B153700003C0429 /* MainCellViewModel.swift */,
				77252E822B17801B00093B30 /* DetailViewModel.swift */,
			);
			path = ViewModel;
			sourceTree = "<group>";
		};
		77F5B2002B0FFEF800B394E8 /* View */ = {
			isa = PBXGroup;
			children = (
				77F5B1E12B0BAC1C00B394E8 /* MainViewController.swift */,
				7770509E2B150D61003C0429 /* MainViewController + TableView.swift */,
				777050B32B153281003C0429 /* MainCell.swift */,
				77252E7E2B177F7800093B30 /* DetailViewController.swift */,
			);
			path = View;
			sourceTree = "<group>";
		};
		77F5B2012B0FFF0600B394E8 /* Model */ = {
			isa = PBXGroup;
			children = (
				777050A52B1518F5003C0429 /* Posts.swift */,
				777050BB2B154428003C0429 /* SortOrder.swift */,
			);
			path = Model;
			sourceTree = "<group>";
		};
/* End PBXGroup section */

/* Begin PBXNativeTarget section */
		77F5B1D92B0BAC1C00B394E8 /* NatifePosts */ = {
			isa = PBXNativeTarget;
			buildConfigurationList = 77F5B1EE2B0BAC1E00B394E8 /* Build configuration list for PBXNativeTarget "NatifePosts" */;
			buildPhases = (
				77F5B1D62B0BAC1C00B394E8 /* Sources */,
				77F5B1D72B0BAC1C00B394E8 /* Frameworks */,
				77F5B1D82B0BAC1C00B394E8 /* Resources */,
			);
			buildRules = (
			);
			dependencies = (
			);
			name = NatifePosts;
			productName = NatifePosts;
			productReference = 77F5B1DA2B0BAC1C00B394E8 /* NatifePosts.app */;
			productType = "com.apple.product-type.application";
		};
/* End PBXNativeTarget section */

/* Begin PBXProject section */
		77F5B1D22B0BAC1C00B394E8 /* Project object */ = {
			isa = PBXProject;
			attributes = {
				BuildIndependentTargetsInParallel = 1;
				LastSwiftUpdateCheck = 1500;
				LastUpgradeCheck = 1500;
				TargetAttributes = {
					77F5B1D92B0BAC1C00B394E8 = {
						CreatedOnToolsVersion = 15.0;
					};
				};
			};
			buildConfigurationList = 77F5B1D52B0BAC1C00B394E8 /* Build configuration list for PBXProject "NatifePosts" */;
			compatibilityVersion = "Xcode 14.0";
			developmentRegion = en;
			hasScannedForEncodings = 0;
			knownRegions = (
				en,
				Base,
			);
			mainGroup = 77F5B1D12B0BAC1C00B394E8;
			productRefGroup = 77F5B1DB2B0BAC1C00B394E8 /* Products */;
			projectDirPath = "";
			projectRoot = "";
			targets = (
				77F5B1D92B0BAC1C00B394E8 /* NatifePosts */,
			);
		};
/* End PBXProject section */

/* Begin PBXResourcesBuildPhase section */
		77F5B1D82B0BAC1C00B394E8 /* Resources */ = {
			isa = PBXResourcesBuildPhase;
			buildActionMask = 2147483647;
			files = (
				770F747E2B225A68005D2585 /* e-Ukraine-Medium.otf in Resources */,
				770F747D2B225A66005D2585 /* e-Ukraine-Light.otf in Resources */,
				77F5B1EA2B0BAC1E00B394E8 /* LaunchScreen.storyboard in Resources */,
				770F74802B225A6E005D2585 /* e-Ukraine-Thin.otf in Resources */,
				770F747C2B225A2B005D2585 /* e-Ukraine-Bold.otf in Resources */,
				770F74812B225A70005D2585 /* e-Ukraine-UltraLight.otf in Resources */,
				770F747F2B225A6B005D2585 /* e-Ukraine-Regular.otf in Resources */,
				77F5B1E72B0BAC1E00B394E8 /* Assets.xcassets in Resources */,
			);
			runOnlyForDeploymentPostprocessing = 0;
		};
/* End PBXResourcesBuildPhase section */

/* Begin PBXSourcesBuildPhase section */
		77F5B1D62B0BAC1C00B394E8 /* Sources */ = {
			isa = PBXSourcesBuildPhase;
			buildActionMask = 2147483647;
			files = (
				777050A42B15124C003C0429 /* EndPoint.swift in Sources */,
				777050A62B1518F5003C0429 /* Posts.swift in Sources */,
				777050A92B151AEC003C0429 /* URLSession + Extensions.swift in Sources */,
				77252E832B17801B00093B30 /* DetailViewModel.swift in Sources */,
				777050B62B153700003C0429 /* MainCellViewModel.swift in Sources */,
				777050A12B150F23003C0429 /* MainViewModel.swift in Sources */,
				777050B22B15222F003C0429 /* Observable.swift in Sources */,
				777050B42B153281003C0429 /* MainCell.swift in Sources */,
				777050B82B153E75003C0429 /* RelativeTimeFormatter + Extension.swift in Sources */,
				77252E852B1786B700093B30 /* DateFormatter + Extensions.swift in Sources */,
				777050AD2B151C1B003C0429 /* NetworkRequest.swift in Sources */,
				77F5B1E22B0BAC1C00B394E8 /* MainViewController.swift in Sources */,
				77252E7F2B177F7800093B30 /* DetailViewController.swift in Sources */,
				7770509F2B150D61003C0429 /* MainViewController + TableView.swift in Sources */,
				777050BA2B153EB9003C0429 /* Date + Extensions.swift in Sources */,
				777050AF2B151D5A003C0429 /* NetworkDataFetch.swift in Sources */,
				777050BC2B154428003C0429 /* SortOrder.swift in Sources */,
				77252E7D2B166F0300093B30 /* UILabel + Extensions.swift in Sources */,
				777050AB2B151BE7003C0429 /* NetworkError.swift in Sources */,
				77F5B1DE2B0BAC1C00B394E8 /* AppDelegate.swift in Sources */,
				77F5B1E02B0BAC1C00B394E8 /* SceneDelegate.swift in Sources */,
			);
			runOnlyForDeploymentPostprocessing = 0;
		};
/* End PBXSourcesBuildPhase section */

/* Begin PBXVariantGroup section */
		77F5B1E82B0BAC1E00B394E8 /* LaunchScreen.storyboard */ = {
			isa = PBXVariantGroup;
			children = (
				77F5B1E92B0BAC1E00B394E8 /* Base */,
			);
			name = LaunchScreen.storyboard;
			sourceTree = "<group>";
		};
/* End PBXVariantGroup section */

/* Begin XCBuildConfiguration section */
		77F5B1EC2B0BAC1E00B394E8 /* Debug */ = {
			isa = XCBuildConfiguration;
			buildSettings = {
				ALWAYS_SEARCH_USER_PATHS = NO;
				ASSETCATALOG_COMPILER_GENERATE_SWIFT_ASSET_SYMBOL_EXTENSIONS = YES;
				CLANG_ANALYZER_NONNULL = YES;
				CLANG_ANALYZER_NUMBER_OBJECT_CONVERSION = YES_AGGRESSIVE;
				CLANG_CXX_LANGUAGE_STANDARD = "gnu++20";
				CLANG_ENABLE_MODULES = YES;
				CLANG_ENABLE_OBJC_ARC = YES;
				CLANG_ENABLE_OBJC_WEAK = YES;
				CLANG_WARN_BLOCK_CAPTURE_AUTORELEASING = YES;
				CLANG_WARN_BOOL_CONVERSION = YES;
				CLANG_WARN_COMMA = YES;
				CLANG_WARN_CONSTANT_CONVERSION = YES;
				CLANG_WARN_DEPRECATED_OBJC_IMPLEMENTATIONS = YES;
				CLANG_WARN_DIRECT_OBJC_ISA_USAGE = YES_ERROR;
				CLANG_WARN_DOCUMENTATION_COMMENTS = YES;
				CLANG_WARN_EMPTY_BODY = YES;
				CLANG_WARN_ENUM_CONVERSION = YES;
				CLANG_WARN_INFINITE_RECURSION = YES;
				CLANG_WARN_INT_CONVERSION = YES;
				CLANG_WARN_NON_LITERAL_NULL_CONVERSION = YES;
				CLANG_WARN_OBJC_IMPLICIT_RETAIN_SELF = YES;
				CLANG_WARN_OBJC_LITERAL_CONVERSION = YES;
				CLANG_WARN_OBJC_ROOT_CLASS = YES_ERROR;
				CLANG_WARN_QUOTED_INCLUDE_IN_FRAMEWORK_HEADER = YES;
				CLANG_WARN_RANGE_LOOP_ANALYSIS = YES;
				CLANG_WARN_STRICT_PROTOTYPES = YES;
				CLANG_WARN_SUSPICIOUS_MOVE = YES;
				CLANG_WARN_UNGUARDED_AVAILABILITY = YES_AGGRESSIVE;
				CLANG_WARN_UNREACHABLE_CODE = YES;
				CLANG_WARN__DUPLICATE_METHOD_MATCH = YES;
				COPY_PHASE_STRIP = NO;
				DEBUG_INFORMATION_FORMAT = dwarf;
				ENABLE_STRICT_OBJC_MSGSEND = YES;
				ENABLE_TESTABILITY = YES;
				ENABLE_USER_SCRIPT_SANDBOXING = YES;
				GCC_C_LANGUAGE_STANDARD = gnu17;
				GCC_DYNAMIC_NO_PIC = NO;
				GCC_NO_COMMON_BLOCKS = YES;
				GCC_OPTIMIZATION_LEVEL = 0;
				GCC_PREPROCESSOR_DEFINITIONS = (
					"DEBUG=1",
					"$(inherited)",
				);
				GCC_WARN_64_TO_32_BIT_CONVERSION = YES;
				GCC_WARN_ABOUT_RETURN_TYPE = YES_ERROR;
				GCC_WARN_UNDECLARED_SELECTOR = YES;
				GCC_WARN_UNINITIALIZED_AUTOS = YES_AGGRESSIVE;
				GCC_WARN_UNUSED_FUNCTION = YES;
				GCC_WARN_UNUSED_VARIABLE = YES;
				IPHONEOS_DEPLOYMENT_TARGET = 17.0;
				LOCALIZATION_PREFERS_STRING_CATALOGS = YES;
				MTL_ENABLE_DEBUG_INFO = INCLUDE_SOURCE;
				MTL_FAST_MATH = YES;
				ONLY_ACTIVE_ARCH = YES;
				SDKROOT = iphoneos;
				SWIFT_ACTIVE_COMPILATION_CONDITIONS = "DEBUG $(inherited)";
				SWIFT_OPTIMIZATION_LEVEL = "-Onone";
			};
			name = Debug;
		};
		77F5B1ED2B0BAC1E00B394E8 /* Release */ = {
			isa = XCBuildConfiguration;
			buildSettings = {
				ALWAYS_SEARCH_USER_PATHS = NO;
				ASSETCATALOG_COMPILER_GENERATE_SWIFT_ASSET_SYMBOL_EXTENSIONS = YES;
				CLANG_ANALYZER_NONNULL = YES;
				CLANG_ANALYZER_NUMBER_OBJECT_CONVERSION = YES_AGGRESSIVE;
				CLANG_CXX_LANGUAGE_STANDARD = "gnu++20";
				CLANG_ENABLE_MODULES = YES;
				CLANG_ENABLE_OBJC_ARC = YES;
				CLANG_ENABLE_OBJC_WEAK = YES;
				CLANG_WARN_BLOCK_CAPTURE_AUTORELEASING = YES;
				CLANG_WARN_BOOL_CONVERSION = YES;
				CLANG_WARN_COMMA = YES;
				CLANG_WARN_CONSTANT_CONVERSION = YES;
				CLANG_WARN_DEPRECATED_OBJC_IMPLEMENTATIONS = YES;
				CLANG_WARN_DIRECT_OBJC_ISA_USAGE = YES_ERROR;
				CLANG_WARN_DOCUMENTATION_COMMENTS = YES;
				CLANG_WARN_EMPTY_BODY = YES;
				CLANG_WARN_ENUM_CONVERSION = YES;
				CLANG_WARN_INFINITE_RECURSION = YES;
				CLANG_WARN_INT_CONVERSION = YES;
				CLANG_WARN_NON_LITERAL_NULL_CONVERSION = YES;
				CLANG_WARN_OBJC_IMPLICIT_RETAIN_SELF = YES;
				CLANG_WARN_OBJC_LITERAL_CONVERSION = YES;
				CLANG_WARN_OBJC_ROOT_CLASS = YES_ERROR;
				CLANG_WARN_QUOTED_INCLUDE_IN_FRAMEWORK_HEADER = YES;
				CLANG_WARN_RANGE_LOOP_ANALYSIS = YES;
				CLANG_WARN_STRICT_PROTOTYPES = YES;
				CLANG_WARN_SUSPICIOUS_MOVE = YES;
				CLANG_WARN_UNGUARDED_AVAILABILITY = YES_AGGRESSIVE;
				CLANG_WARN_UNREACHABLE_CODE = YES;
				CLANG_WARN__DUPLICATE_METHOD_MATCH = YES;
				COPY_PHASE_STRIP = NO;
				DEBUG_INFORMATION_FORMAT = "dwarf-with-dsym";
				ENABLE_NS_ASSERTIONS = NO;
				ENABLE_STRICT_OBJC_MSGSEND = YES;
				ENABLE_USER_SCRIPT_SANDBOXING = YES;
				GCC_C_LANGUAGE_STANDARD = gnu17;
				GCC_NO_COMMON_BLOCKS = YES;
				GCC_WARN_64_TO_32_BIT_CONVERSION = YES;
				GCC_WARN_ABOUT_RETURN_TYPE = YES_ERROR;
				GCC_WARN_UNDECLARED_SELECTOR = YES;
				GCC_WARN_UNINITIALIZED_AUTOS = YES_AGGRESSIVE;
				GCC_WARN_UNUSED_FUNCTION = YES;
				GCC_WARN_UNUSED_VARIABLE = YES;
				IPHONEOS_DEPLOYMENT_TARGET = 17.0;
				LOCALIZATION_PREFERS_STRING_CATALOGS = YES;
				MTL_ENABLE_DEBUG_INFO = NO;
				MTL_FAST_MATH = YES;
				SDKROOT = iphoneos;
				SWIFT_COMPILATION_MODE = wholemodule;
				VALIDATE_PRODUCT = YES;
			};
			name = Release;
		};
		77F5B1EF2B0BAC1E00B394E8 /* Debug */ = {
			isa = XCBuildConfiguration;
			buildSettings = {
				ASSETCATALOG_COMPILER_APPICON_NAME = AppIcon;
				ASSETCATALOG_COMPILER_GLOBAL_ACCENT_COLOR_NAME = AccentColor;
				CODE_SIGN_STYLE = Automatic;
				CURRENT_PROJECT_VERSION = 1;
				DEVELOPMENT_TEAM = KBJ55Q96F8;
				GENERATE_INFOPLIST_FILE = YES;
				INFOPLIST_FILE = "NatifePosts/Supporting Files/Info.plist";
				INFOPLIST_KEY_UIApplicationSupportsIndirectInputEvents = YES;
				INFOPLIST_KEY_UILaunchStoryboardName = LaunchScreen;
				INFOPLIST_KEY_UISupportedInterfaceOrientations = UIInterfaceOrientationPortrait;
				IPHONEOS_DEPLOYMENT_TARGET = 14.0;
				LD_RUNPATH_SEARCH_PATHS = (
					"$(inherited)",
					"@executable_path/Frameworks",
				);
				MARKETING_VERSION = 1.0;
				PRODUCT_BUNDLE_IDENTIFIER = OleksandrToropov.NatifePosts;
				PRODUCT_NAME = "$(TARGET_NAME)";
				SWIFT_EMIT_LOC_STRINGS = YES;
				SWIFT_VERSION = 5.0;
				TARGETED_DEVICE_FAMILY = "1,2";
			};
			name = Debug;
		};
		77F5B1F02B0BAC1E00B394E8 /* Release */ = {
			isa = XCBuildConfiguration;
			buildSettings = {
				ASSETCATALOG_COMPILER_APPICON_NAME = AppIcon;
				ASSETCATALOG_COMPILER_GLOBAL_ACCENT_COLOR_NAME = AccentColor;
				CODE_SIGN_STYLE = Automatic;
				CURRENT_PROJECT_VERSION = 1;
				DEVELOPMENT_TEAM = KBJ55Q96F8;
				GENERATE_INFOPLIST_FILE = YES;
				INFOPLIST_FILE = "NatifePosts/Supporting Files/Info.plist";
				INFOPLIST_KEY_UIApplicationSupportsIndirectInputEvents = YES;
				INFOPLIST_KEY_UILaunchStoryboardName = LaunchScreen;
				INFOPLIST_KEY_UISupportedInterfaceOrientations = UIInterfaceOrientationPortrait;
				IPHONEOS_DEPLOYMENT_TARGET = 14.0;
				LD_RUNPATH_SEARCH_PATHS = (
					"$(inherited)",
					"@executable_path/Frameworks",
				);
				MARKETING_VERSION = 1.0;
				PRODUCT_BUNDLE_IDENTIFIER = OleksandrToropov.NatifePosts;
				PRODUCT_NAME = "$(TARGET_NAME)";
				SWIFT_EMIT_LOC_STRINGS = YES;
				SWIFT_VERSION = 5.0;
				TARGETED_DEVICE_FAMILY = "1,2";
			};
			name = Release;
		};
/* End XCBuildConfiguration section */

/* Begin XCConfigurationList section */
		77F5B1D52B0BAC1C00B394E8 /* Build configuration list for PBXProject "NatifePosts" */ = {
			isa = XCConfigurationList;
			buildConfigurations = (
				77F5B1EC2B0BAC1E00B394E8 /* Debug */,
				77F5B1ED2B0BAC1E00B394E8 /* Release */,
			);
			defaultConfigurationIsVisible = 0;
			defaultConfigurationName = Release;
		};
		77F5B1EE2B0BAC1E00B394E8 /* Build configuration list for PBXNativeTarget "NatifePosts" */ = {
			isa = XCConfigurationList;
			buildConfigurations = (
				77F5B1EF2B0BAC1E00B394E8 /* Debug */,
				77F5B1F02B0BAC1E00B394E8 /* Release */,
			);
			defaultConfigurationIsVisible = 0;
			defaultConfigurationName = Release;
		};
/* End XCConfigurationList section */
	};
	rootObject = 77F5B1D22B0BAC1C00B394E8 /* Project object */;
}
